
Microsoft Visual Studio Solution File, Format Version 12.00
# Visual Studio Version 18
VisualStudioVersion = 18.4.11626.88 stable
MinimumVisualStudioVersion = 10.0.40219.1
Project("{FAE04EC0-301F-11D3-BF4B-00C04F79EFBC}") = "UI", "HTHSystem\UI.csproj", "{F1C024A2-7608-4367-92A7-0A0EBDB18A4A}"
EndProject
Global
	GlobalSection(SolutionConfigurationPlatforms) = preSolution
		Debug|Any CPU = Debug|Any CPU
		Release|Any CPU = Release|Any CPU
	EndGlobalSection
	GlobalSection(ProjectConfigurationPlatforms) = postSolution
		{F1C024A2-7608-4367-92A7-0A0EBDB18A4A}.Debug|Any CPU.ActiveCfg = Debug|Any CPU
		{F1C024A2-7608-4367-92A7-0A0EBDB18A4A}.Debug|Any CPU.Build.0 = Debug|Any CPU
		{F1C024A2-7608-4367-92A7-0A0EBDB18A4A}.Release|Any CPU.ActiveCfg = Release|Any CPU
		{F1C024A2-7608-4367-92A7-0A0EBDB18A4A}.Release|Any CPU.Build.0 = Release|Any CPU
	EndGlobalSection
	GlobalSection(SolutionProperties) = preSolution
		HideSolutionNode = FALSE
	EndGlobalSection
	GlobalSection(ExtensibilityGlobals) = postSolution
		SolutionGuid = {018B9071-F922-467F-9D95-A3C4CC5F0C0F}
	EndGlobalSection
EndGlobal
