
Microsoft Visual Studio Solution File, Format Version 12.00
# Visual Studio Version 18
VisualStudioVersion = 18.4.11626.88 stable
MinimumVisualStudioVersion = 10.0.40219.1
Project("{FAE04EC0-301F-11D3-BF4B-00C04F79EFBC}") = "UI", "HTHSystem\UI.csproj", "{F1C024A2-7608-4367-92A7-0A0EBDB18A4A}"
EndProject
Project("{FAE04EC0-301F-11D3-BF4B-00C04F79EFBC}") = "Common", "Common\Common.csproj", "{D86A76DC-9D76-42B4-84C3-96E9CC6F4A0B}"
EndProject
Project("{FAE04EC0-301F-11D3-BF4B-00C04F79EFBC}") = "Models", "Models\Models.csproj", "{7BF6405D-FE39-494D-AA31-A1C7296F979F}"
EndProject
Project("{FAE04EC0-301F-11D3-BF4B-00C04F79EFBC}") = "DAL", "DAL\DAL.csproj", "{D337B4D0-53B9-4D8E-BB25-E7E2C13D62D4}"
EndProject
Project("{FAE04EC0-301F-11D3-BF4B-00C04F79EFBC}") = "BLL", "BLL\BLL.csproj", "{1B199382-59D3-4A45-AE2F-A649B6738F92}"
EndProject
Global
	GlobalSection(SolutionConfigurationPlatforms) = preSolution
		Debug|Any CPU = Debug|Any CPU
		Release|Any CPU = Release|Any CPU
	EndGlobalSection
	GlobalSection(ProjectConfigurationPlatforms) = postSolution
		{F1C024A2-7608-4367-92A7-0A0EBDB18A4A}.Debug|Any CPU.ActiveCfg = Debug|Any CPU
		{F1C024A2-7608-4367-92A7-0A0EBDB18A4A}.Debug|Any CPU.Build.0 = Debug|Any CPU
		{F1C024A2-7608-4367-92A7-0A0EBDB18A4A}.Release|Any CPU.ActiveCfg = Release|Any CPU
		{F1C024A2-7608-4367-92A7-0A0EBDB18A4A}.Release|Any CPU.Build.0 = Release|Any CPU
		{D86A76DC-9D76-42B4-84C3-96E9CC6F4A0B}.Debug|Any CPU.ActiveCfg = Debug|Any CPU
		{D86A76DC-9D76-42B4-84C3-96E9CC6F4A0B}.Debug|Any CPU.Build.0 = Debug|Any CPU
		{D86A76DC-9D76-42B4-84C3-96E9CC6F4A0B}.Release|Any CPU.ActiveCfg = Release|Any CPU
		{D86A76DC-9D76-42B4-84C3-96E9CC6F4A0B}.Release|Any CPU.Build.0 = Release|Any CPU
		{7BF6405D-FE39-494D-AA31-A1C7296F979F}.Debug|Any CPU.ActiveCfg = Debug|Any CPU
		{7BF6405D-FE39-494D-AA31-A1C7296F979F}.Debug|Any CPU.Build.0 = Debug|Any CPU
		{7BF6405D-FE39-494D-AA31-A1C7296F979F}.Release|Any CPU.ActiveCfg = Release|Any CPU
		{7BF6405D-FE39-494D-AA31-A1C7296F979F}.Release|Any CPU.Build.0 = Release|Any CPU
		{D337B4D0-53B9-4D8E-BB25-E7E2C13D62D4}.Debug|Any CPU.ActiveCfg = Debug|Any CPU
		{D337B4D0-53B9-4D8E-BB25-E7E2C13D62D4}.Debug|Any CPU.Build.0 = Debug|Any CPU
		{D337B4D0-53B9-4D8E-BB25-E7E2C13D62D4}.Release|Any CPU.ActiveCfg = Release|Any CPU
		{D337B4D0-53B9-4D8E-BB25-E7E2C13D62D4}.Release|Any CPU.Build.0 = Release|Any CPU
		{1B199382-59D3-4A45-AE2F-A649B6738F92}.Debug|Any CPU.ActiveCfg = Debug|Any CPU
		{1B199382-59D3-4A45-AE2F-A649B6738F92}.Debug|Any CPU.Build.0 = Debug|Any CPU
		{1B199382-59D3-4A45-AE2F-A649B6738F92}.Release|Any CPU.ActiveCfg = Release|Any CPU
		{1B199382-59D3-4A45-AE2F-A649B6738F92}.Release|Any CPU.Build.0 = Release|Any CPU
	EndGlobalSection
	GlobalSection(SolutionProperties) = preSolution
		HideSolutionNode = FALSE
	EndGlobalSection
	GlobalSection(ExtensibilityGlobals) = postSolution
		SolutionGuid = {018B9071-F922-467F-9D95-A3C4CC5F0C0F}
	EndGlobalSection
EndGlobal
